
Microsoft Visual Studio Solution File, Format Version 12.00
# Visual Studio Version 16
VisualStudioVersion = 16.0.30503.244
MinimumVisualStudioVersion = 10.0.40219.1
Project("{FAE04EC0-301F-11D3-BF4B-00C04F79EFBC}") = "MultipadDotNet", "MultipadDotNet\MultipadDotNet.csproj", "{A4181078-6CFF-4EA8-AB2A-2E2E2CC07719}"
EndProject
Global
	GlobalSection(SolutionConfigurationPlatforms) = preSolution
		Debug|Any CPU = Debug|Any CPU
		Release|Any CPU = Release|Any CPU
	EndGlobalSection
	GlobalSection(ProjectConfigurationPlatforms) = postSolution
		{A4181078-6CFF-4EA8-AB2A-2E2E2CC07719}.Debug|Any CPU.ActiveCfg = Debug|Any CPU
		{A4181078-6CFF-4EA8-AB2A-2E2E2CC07719}.Debug|Any CPU.Build.0 = Debug|Any CPU
		{A4181078-6CFF-4EA8-AB2A-2E2E2CC07719}.Release|Any CPU.ActiveCfg = Release|Any CPU
		{A4181078-6CFF-4EA8-AB2A-2E2E2CC07719}.Release|Any CPU.Build.0 = Release|Any CPU
	EndGlobalSection
	GlobalSection(SolutionProperties) = preSolution
		HideSolutionNode = FALSE
	EndGlobalSection
	GlobalSection(ExtensibilityGlobals) = postSolution
		SolutionGuid = {BF331520-F4C3-4501-A61B-952A279A2E49}
	EndGlobalSection
EndGlobal
